# This file is autogenerated, do not edit; changes may be undone by the next 'dep ensure'.


[[projects]]
  name = "github.com/go-redis/redis"
  packages = [
    ".",
    "internal",
    "internal/consistenthash",
    "internal/hashtag",
    "internal/pool",
    "internal/proto"
  ]
  revision = "18c1db946601fba100ad23e98eb8c04055a2a6cd"

[[projects]]
  name = "github.com/golang/protobuf"
  packages = ["proto"]
  revision = "925541529c1fa6821df4e44ce2723319eb2be768"
  version = "v1.0.0"

[[projects]]
  name = "github.com/snyderks/spotkov"
  packages = [
    "configRead",
    "lastFm",
    "markov",
    "spotifyPlaylistGenerator",
    "tools"
  ]
  revision = "589611106e7b0401825dff56cf64cfe76554bd51"

[[projects]]
  branch = "master"
  name = "github.com/xrash/smetrics"
  packages = ["."]
  revision = "a3153f7040e90324c58c6287535e26a0ac5c1cc1"

[[projects]]
  name = "github.com/zmb3/spotify"
  packages = ["."]
  revision = "9ad73bbd6efc68ade60e0c80ea3aa418611aaa51"

[[projects]]
  name = "golang.org/x/net"
  packages = ["context"]
  revision = "59a0b19b5533c7977ddeb86b017bf507ed407b12"

[[projects]]
  name = "golang.org/x/oauth2"
  packages = [
    ".",
    "internal"
  ]
  revision = "f047394b6d14284165300fd82dad67edb3a4d7f6"

[[projects]]
  name = "google.golang.org/appengine"
  packages = [
    "internal",
    "internal/base",
    "internal/datastore",
    "internal/log",
    "internal/remote_api",
    "internal/urlfetch",
    "urlfetch"
  ]
  revision = "150dc57a1b433e64154302bdc40b6bb8aefa313a"
  version = "v1.0.0"

[solve-meta]
  analyzer-name = "dep"
  analyzer-version = 1
  inputs-digest = "9928e08c6228c67e941dd3be096d35581c51b397b1b64ad002d7f44ae862ae99"
  solver-name = "gps-cdcl"
  solver-version = 1
